
Microsoft Visual Studio Solution File, Format Version 12.00
# Visual Studio Version 16
VisualStudioVersion = 16.0.29920.165
MinimumVisualStudioVersion = 10.0.40219.1
Project("{FAE04EC0-301F-11D3-BF4B-00C04F79EFBC}") = "Socket Analyzer", "Socket Analyzer\Socket Analyzer.csproj", "{3ECA8B16-90ED-4775-A1C2-D10A49358688}"
EndProject
Project("{54435603-DBB4-11D2-8724-00A0C9A8B90C}") = "Socket Analyzer Setup", "Socket Analyzer Setup\Socket Analyzer Setup.vdproj", "{9BBE75D1-39FD-41D4-83C9-4B5B6D6771EF}"
EndProject
Project("{FAE04EC0-301F-11D3-BF4B-00C04F79EFBC}") = "Megamind.Net.Sockets", "..\..\GitRepos\Megamind.Net.Sockets\Megamind.Net.Sockets.csproj", "{D041F38D-72F0-4A42-859D-580690876AAC}"
EndProject
Global
	GlobalSection(SolutionConfigurationPlatforms) = preSolution
		Debug|Any CPU = Debug|Any CPU
		Release|Any CPU = Release|Any CPU
	EndGlobalSection
	GlobalSection(ProjectConfigurationPlatforms) = postSolution
		{3ECA8B16-90ED-4775-A1C2-D10A49358688}.Debug|Any CPU.ActiveCfg = Debug|Any CPU
		{3ECA8B16-90ED-4775-A1C2-D10A49358688}.Debug|Any CPU.Build.0 = Debug|Any CPU
		{3ECA8B16-90ED-4775-A1C2-D10A49358688}.Release|Any CPU.ActiveCfg = Release|Any CPU
		{3ECA8B16-90ED-4775-A1C2-D10A49358688}.Release|Any CPU.Build.0 = Release|Any CPU
		{9BBE75D1-39FD-41D4-83C9-4B5B6D6771EF}.Debug|Any CPU.ActiveCfg = Debug
		{9BBE75D1-39FD-41D4-83C9-4B5B6D6771EF}.Release|Any CPU.ActiveCfg = Release
		{D041F38D-72F0-4A42-859D-580690876AAC}.Debug|Any CPU.ActiveCfg = Debug|Any CPU
		{D041F38D-72F0-4A42-859D-580690876AAC}.Debug|Any CPU.Build.0 = Debug|Any CPU
		{D041F38D-72F0-4A42-859D-580690876AAC}.Release|Any CPU.ActiveCfg = Release|Any CPU
		{D041F38D-72F0-4A42-859D-580690876AAC}.Release|Any CPU.Build.0 = Release|Any CPU
	EndGlobalSection
	GlobalSection(SolutionProperties) = preSolution
		HideSolutionNode = FALSE
	EndGlobalSection
	GlobalSection(ExtensibilityGlobals) = postSolution
		SolutionGuid = {B0874A48-5848-41AC-9149-01370A2FBED9}
	EndGlobalSection
EndGlobal
